PODS:
  - IQKeyboardManager (4.0.8)
  - Masonry (1.0.2)
  - MBProgressHUD (1.0.0)
  - PNChart (0.8.9):
    - UICountingLabel (~> 1.2.0)
  - UICountingLabel (1.2.0)

DEPENDENCIES:
  - IQKeyboardManager
  - Masonry
  - MBProgressHUD
  - PNChart

SPEC CHECKSUMS:
  IQKeyboardManager: 1a8189fa153bf09044355ee0ad36826f6767e7f7
  Masonry: 7c429b56da9d4ee0bbb3ed77a5ea710d6a5df39e
  MBProgressHUD: 4890f671c94e8a0f3cf959aa731e9de2f036d71a
  PNChart: 84774d225c2126ded6c93d4dbe6ae98c3a73c2d2
  UICountingLabel: 1db4e7d023e1762171eb226d6dff47a7a84f27aa

PODFILE CHECKSUM: c7ba4f250a21a9c25dbc470f23c37d5f0fff130e

COCOAPODS: 1.2.0
